
Microsoft Visual Studio Solution File, Format Version 12.00
# Visual Studio Version 17
VisualStudioVersion = 17.5.33627.172
MinimumVisualStudioVersion = 10.0.40219.1
Project("{FAE04EC0-301F-11D3-BF4B-00C04F79EFBC}") = "Prova-Questão-6", "Prova-Questão-6\Prova-Questão-6.csproj", "{4C3E8055-EB29-4BC7-A35D-2B50E41385CE}"
EndProject
Global
	GlobalSection(SolutionConfigurationPlatforms) = preSolution
		Debug|Any CPU = Debug|Any CPU
		Release|Any CPU = Release|Any CPU
	EndGlobalSection
	GlobalSection(ProjectConfigurationPlatforms) = postSolution
		{4C3E8055-EB29-4BC7-A35D-2B50E41385CE}.Debug|Any CPU.ActiveCfg = Debug|Any CPU
		{4C3E8055-EB29-4BC7-A35D-2B50E41385CE}.Debug|Any CPU.Build.0 = Debug|Any CPU
		{4C3E8055-EB29-4BC7-A35D-2B50E41385CE}.Release|Any CPU.ActiveCfg = Release|Any CPU
		{4C3E8055-EB29-4BC7-A35D-2B50E41385CE}.Release|Any CPU.Build.0 = Release|Any CPU
	EndGlobalSection
	GlobalSection(SolutionProperties) = preSolution
		HideSolutionNode = FALSE
	EndGlobalSection
	GlobalSection(ExtensibilityGlobals) = postSolution
		SolutionGuid = {1C18E7B2-8681-41CC-A56A-F44FFD123915}
	EndGlobalSection
EndGlobal
